
Microsoft Visual Studio Solution File, Format Version 12.00
# Visual Studio 15
VisualStudioVersion = 15.0.28010.2048
MinimumVisualStudioVersion = 10.0.40219.1
Project("{FAE04EC0-301F-11D3-BF4B-00C04F79EFBC}") = "RepasGeneral", "RepasGeneral\RepasGeneral.csproj", "{1914C0EA-F26C-42DE-8F4E-8F6103E97959}"
EndProject
Global
	GlobalSection(SolutionConfigurationPlatforms) = preSolution
		Debug|Any CPU = Debug|Any CPU
		Release|Any CPU = Release|Any CPU
	EndGlobalSection
	GlobalSection(ProjectConfigurationPlatforms) = postSolution
		{1914C0EA-F26C-42DE-8F4E-8F6103E97959}.Debug|Any CPU.ActiveCfg = Debug|Any CPU
		{1914C0EA-F26C-42DE-8F4E-8F6103E97959}.Debug|Any CPU.Build.0 = Debug|Any CPU
		{1914C0EA-F26C-42DE-8F4E-8F6103E97959}.Release|Any CPU.ActiveCfg = Release|Any CPU
		{1914C0EA-F26C-42DE-8F4E-8F6103E97959}.Release|Any CPU.Build.0 = Release|Any CPU
	EndGlobalSection
	GlobalSection(SolutionProperties) = preSolution
		HideSolutionNode = FALSE
	EndGlobalSection
	GlobalSection(ExtensibilityGlobals) = postSolution
		SolutionGuid = {A9EC47EC-ED41-4519-A551-2C8B6D77869A}
	EndGlobalSection
EndGlobal
